
Microsoft Visual Studio Solution File, Format Version 12.00
# Visual Studio Version 16
VisualStudioVersion = 16.0.32106.194
MinimumVisualStudioVersion = 10.0.40219.1
Project("{9A19103F-16F7-4668-BE54-9A1E7A4F7556}") = "REST_Api", "REST_Api.csproj", "{314B410C-FCD0-436C-B3CE-6651B17E7596}"
EndProject
Global
	GlobalSection(SolutionConfigurationPlatforms) = preSolution
		Debug|Any CPU = Debug|Any CPU
		Release|Any CPU = Release|Any CPU
	EndGlobalSection
	GlobalSection(ProjectConfigurationPlatforms) = postSolution
		{314B410C-FCD0-436C-B3CE-6651B17E7596}.Debug|Any CPU.ActiveCfg = Debug|Any CPU
		{314B410C-FCD0-436C-B3CE-6651B17E7596}.Debug|Any CPU.Build.0 = Debug|Any CPU
		{314B410C-FCD0-436C-B3CE-6651B17E7596}.Release|Any CPU.ActiveCfg = Release|Any CPU
		{314B410C-FCD0-436C-B3CE-6651B17E7596}.Release|Any CPU.Build.0 = Release|Any CPU
	EndGlobalSection
	GlobalSection(SolutionProperties) = preSolution
		HideSolutionNode = FALSE
	EndGlobalSection
	GlobalSection(ExtensibilityGlobals) = postSolution
		SolutionGuid = {5E842018-3375-4D7D-8A96-7D7AF302D614}
	EndGlobalSection
EndGlobal
