
Microsoft Visual Studio Solution File, Format Version 12.00
# Visual Studio Version 16
VisualStudioVersion = 16.0.32106.194
MinimumVisualStudioVersion = 10.0.40219.1
Project("{FAE04EC0-301F-11D3-BF4B-00C04F79EFBC}") = "RedisDemoApp", "RedisDemoApp.csproj", "{B9597207-9D28-4970-806B-53FD2DAAA196}"
EndProject
Global
	GlobalSection(SolutionConfigurationPlatforms) = preSolution
		Debug|Any CPU = Debug|Any CPU
		Release|Any CPU = Release|Any CPU
	EndGlobalSection
	GlobalSection(ProjectConfigurationPlatforms) = postSolution
		{B9597207-9D28-4970-806B-53FD2DAAA196}.Debug|Any CPU.ActiveCfg = Debug|Any CPU
		{B9597207-9D28-4970-806B-53FD2DAAA196}.Debug|Any CPU.Build.0 = Debug|Any CPU
		{B9597207-9D28-4970-806B-53FD2DAAA196}.Release|Any CPU.ActiveCfg = Release|Any CPU
		{B9597207-9D28-4970-806B-53FD2DAAA196}.Release|Any CPU.Build.0 = Release|Any CPU
	EndGlobalSection
	GlobalSection(SolutionProperties) = preSolution
		HideSolutionNode = FALSE
	EndGlobalSection
	GlobalSection(ExtensibilityGlobals) = postSolution
		SolutionGuid = {B4D3D077-B771-44C8-A738-8EFC1297ADAB}
	EndGlobalSection
EndGlobal
