
Microsoft Visual Studio Solution File, Format Version 12.00
# Visual Studio Version 17
VisualStudioVersion = 17.1.32407.343
MinimumVisualStudioVersion = 10.0.40219.1
Project("{FAE04EC0-301F-11D3-BF4B-00C04F79EFBC}") = "Core", "Core\Core.csproj", "{1780F7FA-1C42-42E7-AADE-83833BE9DB1F}"
EndProject
Global
	GlobalSection(SolutionConfigurationPlatforms) = preSolution
		Debug|Any CPU = Debug|Any CPU
		Release|Any CPU = Release|Any CPU
	EndGlobalSection
	GlobalSection(ProjectConfigurationPlatforms) = postSolution
		{1780F7FA-1C42-42E7-AADE-83833BE9DB1F}.Debug|Any CPU.ActiveCfg = Debug|Any CPU
		{1780F7FA-1C42-42E7-AADE-83833BE9DB1F}.Debug|Any CPU.Build.0 = Debug|Any CPU
		{1780F7FA-1C42-42E7-AADE-83833BE9DB1F}.Release|Any CPU.ActiveCfg = Release|Any CPU
		{1780F7FA-1C42-42E7-AADE-83833BE9DB1F}.Release|Any CPU.Build.0 = Release|Any CPU
	EndGlobalSection
	GlobalSection(SolutionProperties) = preSolution
		HideSolutionNode = FALSE
	EndGlobalSection
	GlobalSection(ExtensibilityGlobals) = postSolution
		SolutionGuid = {CAA00040-C08D-4909-94BA-915709E38F51}
	EndGlobalSection
EndGlobal
