
Microsoft Visual Studio Solution File, Format Version 12.00
# Visual Studio Version 17
VisualStudioVersion = 17.14.36221.1 d17.14
MinimumVisualStudioVersion = 10.0.40219.1
Project("{FAE04EC0-301F-11D3-BF4B-00C04F79EFBC}") = "InvoiceSystem.API", "InvoiceSystem.API.csproj", "{F35F738C-7C9B-49BE-BAE5-9F36AA0EFFAF}"
EndProject
Project("{FAE04EC0-301F-11D3-BF4B-00C04F79EFBC}") = "InvoiceSystem.Domain", "..\InvoiceSystem.Domain\InvoiceSystem.Domain.csproj", "{16CA3BFB-D56E-49CE-9E89-2719355BC7C8}"
EndProject
Project("{FAE04EC0-301F-11D3-BF4B-00C04F79EFBC}") = "InvoiceSystem.Application", "..\InvoiceSystem.Application\InvoiceSystem.Application.csproj", "{75669D0E-FF10-431A-9DD3-7C24DDA855AE}"
EndProject
Project("{FAE04EC0-301F-11D3-BF4B-00C04F79EFBC}") = "InvoiceSystem.Infrastructure", "..\InvoiceSystem.Infrastructure\InvoiceSystem.Infrastructure.csproj", "{24C62EA7-6535-4EFD-B5A1-C0EB68924D59}"
EndProject
Global
	GlobalSection(SolutionConfigurationPlatforms) = preSolution
		Debug|Any CPU = Debug|Any CPU
		Release|Any CPU = Release|Any CPU
	EndGlobalSection
	GlobalSection(ProjectConfigurationPlatforms) = postSolution
		{F35F738C-7C9B-49BE-BAE5-9F36AA0EFFAF}.Debug|Any CPU.ActiveCfg = Debug|Any CPU
		{F35F738C-7C9B-49BE-BAE5-9F36AA0EFFAF}.Debug|Any CPU.Build.0 = Debug|Any CPU
		{F35F738C-7C9B-49BE-BAE5-9F36AA0EFFAF}.Release|Any CPU.ActiveCfg = Release|Any CPU
		{F35F738C-7C9B-49BE-BAE5-9F36AA0EFFAF}.Release|Any CPU.Build.0 = Release|Any CPU
		{16CA3BFB-D56E-49CE-9E89-2719355BC7C8}.Debug|Any CPU.ActiveCfg = Debug|Any CPU
		{16CA3BFB-D56E-49CE-9E89-2719355BC7C8}.Debug|Any CPU.Build.0 = Debug|Any CPU
		{16CA3BFB-D56E-49CE-9E89-2719355BC7C8}.Release|Any CPU.ActiveCfg = Release|Any CPU
		{16CA3BFB-D56E-49CE-9E89-2719355BC7C8}.Release|Any CPU.Build.0 = Release|Any CPU
		{75669D0E-FF10-431A-9DD3-7C24DDA855AE}.Debug|Any CPU.ActiveCfg = Debug|Any CPU
		{75669D0E-FF10-431A-9DD3-7C24DDA855AE}.Debug|Any CPU.Build.0 = Debug|Any CPU
		{75669D0E-FF10-431A-9DD3-7C24DDA855AE}.Release|Any CPU.ActiveCfg = Release|Any CPU
		{75669D0E-FF10-431A-9DD3-7C24DDA855AE}.Release|Any CPU.Build.0 = Release|Any CPU
		{24C62EA7-6535-4EFD-B5A1-C0EB68924D59}.Debug|Any CPU.ActiveCfg = Debug|Any CPU
		{24C62EA7-6535-4EFD-B5A1-C0EB68924D59}.Debug|Any CPU.Build.0 = Debug|Any CPU
		{24C62EA7-6535-4EFD-B5A1-C0EB68924D59}.Release|Any CPU.ActiveCfg = Release|Any CPU
		{24C62EA7-6535-4EFD-B5A1-C0EB68924D59}.Release|Any CPU.Build.0 = Release|Any CPU
	EndGlobalSection
	GlobalSection(SolutionProperties) = preSolution
		HideSolutionNode = FALSE
	EndGlobalSection
	GlobalSection(ExtensibilityGlobals) = postSolution
		SolutionGuid = {26E847DB-A0ED-4563-936A-CD19C04741E6}
	EndGlobalSection
EndGlobal
