
Microsoft Visual Studio Solution File, Format Version 12.00
# Visual Studio Version 17
VisualStudioVersion = 17.7.34202.233
MinimumVisualStudioVersion = 10.0.40219.1
Project("{FAE04EC0-301F-11D3-BF4B-00C04F79EFBC}") = "Domain", "Domain\Domain.csproj", "{28D1C9C0-D509-40B9-B780-C5FF0BBD8646}"
EndProject
Project("{FAE04EC0-301F-11D3-BF4B-00C04F79EFBC}") = "DataAccess", "DataAccess\DataAccess.csproj", "{0FA385B8-ECED-400F-B08F-B213DC0907A4}"
EndProject
Project("{FAE04EC0-301F-11D3-BF4B-00C04F79EFBC}") = "Application", "Application\Application.csproj", "{B9D27CF7-5D9D-48B3-803D-04A9DF32306C}"
EndProject
Project("{FAE04EC0-301F-11D3-BF4B-00C04F79EFBC}") = "MinimalAPI", "MinimalAPI\MinimalAPI.csproj", "{16EC5F54-0668-4639-8F70-B79E630E30CE}"
EndProject
Global
	GlobalSection(SolutionConfigurationPlatforms) = preSolution
		Debug|Any CPU = Debug|Any CPU
		Release|Any CPU = Release|Any CPU
	EndGlobalSection
	GlobalSection(ProjectConfigurationPlatforms) = postSolution
		{28D1C9C0-D509-40B9-B780-C5FF0BBD8646}.Debug|Any CPU.ActiveCfg = Debug|Any CPU
		{28D1C9C0-D509-40B9-B780-C5FF0BBD8646}.Debug|Any CPU.Build.0 = Debug|Any CPU
		{28D1C9C0-D509-40B9-B780-C5FF0BBD8646}.Release|Any CPU.ActiveCfg = Release|Any CPU
		{28D1C9C0-D509-40B9-B780-C5FF0BBD8646}.Release|Any CPU.Build.0 = Release|Any CPU
		{0FA385B8-ECED-400F-B08F-B213DC0907A4}.Debug|Any CPU.ActiveCfg = Debug|Any CPU
		{0FA385B8-ECED-400F-B08F-B213DC0907A4}.Debug|Any CPU.Build.0 = Debug|Any CPU
		{0FA385B8-ECED-400F-B08F-B213DC0907A4}.Release|Any CPU.ActiveCfg = Release|Any CPU
		{0FA385B8-ECED-400F-B08F-B213DC0907A4}.Release|Any CPU.Build.0 = Release|Any CPU
		{B9D27CF7-5D9D-48B3-803D-04A9DF32306C}.Debug|Any CPU.ActiveCfg = Debug|Any CPU
		{B9D27CF7-5D9D-48B3-803D-04A9DF32306C}.Debug|Any CPU.Build.0 = Debug|Any CPU
		{B9D27CF7-5D9D-48B3-803D-04A9DF32306C}.Release|Any CPU.ActiveCfg = Release|Any CPU
		{B9D27CF7-5D9D-48B3-803D-04A9DF32306C}.Release|Any CPU.Build.0 = Release|Any CPU
		{16EC5F54-0668-4639-8F70-B79E630E30CE}.Debug|Any CPU.ActiveCfg = Debug|Any CPU
		{16EC5F54-0668-4639-8F70-B79E630E30CE}.Debug|Any CPU.Build.0 = Debug|Any CPU
		{16EC5F54-0668-4639-8F70-B79E630E30CE}.Release|Any CPU.ActiveCfg = Release|Any CPU
		{16EC5F54-0668-4639-8F70-B79E630E30CE}.Release|Any CPU.Build.0 = Release|Any CPU
	EndGlobalSection
	GlobalSection(SolutionProperties) = preSolution
		HideSolutionNode = FALSE
	EndGlobalSection
	GlobalSection(ExtensibilityGlobals) = postSolution
		SolutionGuid = {ADF14A93-90F7-4C42-9403-4ACE649D076E}
	EndGlobalSection
EndGlobal
