
Microsoft Visual Studio Solution File, Format Version 12.00
# Visual Studio Version 16
VisualStudioVersion = 16.0.32106.194
MinimumVisualStudioVersion = 10.0.40219.1
Project("{9A19103F-16F7-4668-BE54-9A1E7A4F7556}") = "standalone", "standalone.csproj", "{DAC1FF20-03B0-4E9D-90D2-487B092892BC}"
EndProject
Global
	GlobalSection(SolutionConfigurationPlatforms) = preSolution
		Debug|Any CPU = Debug|Any CPU
		Release|Any CPU = Release|Any CPU
	EndGlobalSection
	GlobalSection(ProjectConfigurationPlatforms) = postSolution
		{DAC1FF20-03B0-4E9D-90D2-487B092892BC}.Debug|Any CPU.ActiveCfg = Debug|Any CPU
		{DAC1FF20-03B0-4E9D-90D2-487B092892BC}.Debug|Any CPU.Build.0 = Debug|Any CPU
		{DAC1FF20-03B0-4E9D-90D2-487B092892BC}.Release|Any CPU.ActiveCfg = Release|Any CPU
		{DAC1FF20-03B0-4E9D-90D2-487B092892BC}.Release|Any CPU.Build.0 = Release|Any CPU
	EndGlobalSection
	GlobalSection(SolutionProperties) = preSolution
		HideSolutionNode = FALSE
	EndGlobalSection
	GlobalSection(ExtensibilityGlobals) = postSolution
		SolutionGuid = {AAD0FC17-BAB9-46C8-A1D5-CC3ED6EA62A6}
	EndGlobalSection
EndGlobal
