
Microsoft Visual Studio Solution File, Format Version 12.00
# Visual Studio Version 17
VisualStudioVersion = 17.1.32407.343
MinimumVisualStudioVersion = 10.0.40219.1
Project("{FAE04EC0-301F-11D3-BF4B-00C04F79EFBC}") = "BlazorAspNetCoreHostedDemo.Server", "Server\BlazorAspNetCoreHostedDemo.Server.csproj", "{C986AC73-9751-496A-BD0E-821BF2F7248D}"
EndProject
Project("{FAE04EC0-301F-11D3-BF4B-00C04F79EFBC}") = "BlazorAspNetCoreHostedDemo.Client", "Client\BlazorAspNetCoreHostedDemo.Client.csproj", "{299E3DB4-77B5-4850-921D-C8AE396B0ECD}"
EndProject
Project("{FAE04EC0-301F-11D3-BF4B-00C04F79EFBC}") = "BlazorAspNetCoreHostedDemo.Shared", "Shared\BlazorAspNetCoreHostedDemo.Shared.csproj", "{9F59B3C4-546F-4DE9-B9E4-3517FF21A684}"
EndProject
Global
	GlobalSection(SolutionConfigurationPlatforms) = preSolution
		Debug|Any CPU = Debug|Any CPU
		Release|Any CPU = Release|Any CPU
	EndGlobalSection
	GlobalSection(ProjectConfigurationPlatforms) = postSolution
		{C986AC73-9751-496A-BD0E-821BF2F7248D}.Debug|Any CPU.ActiveCfg = Debug|Any CPU
		{C986AC73-9751-496A-BD0E-821BF2F7248D}.Debug|Any CPU.Build.0 = Debug|Any CPU
		{C986AC73-9751-496A-BD0E-821BF2F7248D}.Release|Any CPU.ActiveCfg = Release|Any CPU
		{C986AC73-9751-496A-BD0E-821BF2F7248D}.Release|Any CPU.Build.0 = Release|Any CPU
		{299E3DB4-77B5-4850-921D-C8AE396B0ECD}.Debug|Any CPU.ActiveCfg = Debug|Any CPU
		{299E3DB4-77B5-4850-921D-C8AE396B0ECD}.Debug|Any CPU.Build.0 = Debug|Any CPU
		{299E3DB4-77B5-4850-921D-C8AE396B0ECD}.Release|Any CPU.ActiveCfg = Release|Any CPU
		{299E3DB4-77B5-4850-921D-C8AE396B0ECD}.Release|Any CPU.Build.0 = Release|Any CPU
		{9F59B3C4-546F-4DE9-B9E4-3517FF21A684}.Debug|Any CPU.ActiveCfg = Debug|Any CPU
		{9F59B3C4-546F-4DE9-B9E4-3517FF21A684}.Debug|Any CPU.Build.0 = Debug|Any CPU
		{9F59B3C4-546F-4DE9-B9E4-3517FF21A684}.Release|Any CPU.ActiveCfg = Release|Any CPU
		{9F59B3C4-546F-4DE9-B9E4-3517FF21A684}.Release|Any CPU.Build.0 = Release|Any CPU
	EndGlobalSection
	GlobalSection(SolutionProperties) = preSolution
		HideSolutionNode = FALSE
	EndGlobalSection
	GlobalSection(ExtensibilityGlobals) = postSolution
		SolutionGuid = {4108A5FD-9B25-4D23-AF2D-696E8F9E46FE}
	EndGlobalSection
EndGlobal
