
Microsoft Visual Studio Solution File, Format Version 12.00
# Visual Studio Version 16
VisualStudioVersion = 16.0.32106.194
MinimumVisualStudioVersion = 10.0.40219.1
Project("{FAE04EC0-301F-11D3-BF4B-00C04F79EFBC}") = "Delegates", "Delegates.csproj", "{2A23F7B3-DE77-4073-AABB-ADA974573FAE}"
EndProject
Global
	GlobalSection(SolutionConfigurationPlatforms) = preSolution
		Debug|Any CPU = Debug|Any CPU
		Release|Any CPU = Release|Any CPU
	EndGlobalSection
	GlobalSection(ProjectConfigurationPlatforms) = postSolution
		{2A23F7B3-DE77-4073-AABB-ADA974573FAE}.Debug|Any CPU.ActiveCfg = Debug|Any CPU
		{2A23F7B3-DE77-4073-AABB-ADA974573FAE}.Debug|Any CPU.Build.0 = Debug|Any CPU
		{2A23F7B3-DE77-4073-AABB-ADA974573FAE}.Release|Any CPU.ActiveCfg = Release|Any CPU
		{2A23F7B3-DE77-4073-AABB-ADA974573FAE}.Release|Any CPU.Build.0 = Release|Any CPU
	EndGlobalSection
	GlobalSection(SolutionProperties) = preSolution
		HideSolutionNode = FALSE
	EndGlobalSection
	GlobalSection(ExtensibilityGlobals) = postSolution
		SolutionGuid = {ABFFD477-AE24-4F53-AE2F-F9CEFED33F0A}
	EndGlobalSection
EndGlobal
