
Microsoft Visual Studio Solution File, Format Version 12.00
# Visual Studio Version 16
VisualStudioVersion = 16.0.32407.337
MinimumVisualStudioVersion = 10.0.40219.1
Project("{FAE04EC0-301F-11D3-BF4B-00C04F79EFBC}") = "WebApplication1", "WebApplication1.csproj", "{BA44E2A7-383D-4133-AC1C-0E98E1B2CC1D}"
EndProject
Global
	GlobalSection(SolutionConfigurationPlatforms) = preSolution
		Debug|Any CPU = Debug|Any CPU
		Release|Any CPU = Release|Any CPU
	EndGlobalSection
	GlobalSection(ProjectConfigurationPlatforms) = postSolution
		{BA44E2A7-383D-4133-AC1C-0E98E1B2CC1D}.Debug|Any CPU.ActiveCfg = Debug|Any CPU
		{BA44E2A7-383D-4133-AC1C-0E98E1B2CC1D}.Debug|Any CPU.Build.0 = Debug|Any CPU
		{BA44E2A7-383D-4133-AC1C-0E98E1B2CC1D}.Release|Any CPU.ActiveCfg = Release|Any CPU
		{BA44E2A7-383D-4133-AC1C-0E98E1B2CC1D}.Release|Any CPU.Build.0 = Release|Any CPU
	EndGlobalSection
	GlobalSection(SolutionProperties) = preSolution
		HideSolutionNode = FALSE
	EndGlobalSection
	GlobalSection(ExtensibilityGlobals) = postSolution
		SolutionGuid = {17E28412-0C59-4614-A95E-2A940B4322D2}
	EndGlobalSection
EndGlobal
