
Microsoft Visual Studio Solution File, Format Version 12.00
# Visual Studio Version 16
VisualStudioVersion = 16.0.32407.337
MinimumVisualStudioVersion = 10.0.40219.1
Project("{9A19103F-16F7-4668-BE54-9A1E7A4F7556}") = "BlazorServerApp", "BlazorServerApp.csproj", "{32542A27-6B28-4AE5-AE9C-9F959DA04DED}"
EndProject
Global
	GlobalSection(SolutionConfigurationPlatforms) = preSolution
		Debug|Any CPU = Debug|Any CPU
		Release|Any CPU = Release|Any CPU
	EndGlobalSection
	GlobalSection(ProjectConfigurationPlatforms) = postSolution
		{32542A27-6B28-4AE5-AE9C-9F959DA04DED}.Debug|Any CPU.ActiveCfg = Debug|Any CPU
		{32542A27-6B28-4AE5-AE9C-9F959DA04DED}.Debug|Any CPU.Build.0 = Debug|Any CPU
		{32542A27-6B28-4AE5-AE9C-9F959DA04DED}.Release|Any CPU.ActiveCfg = Release|Any CPU
		{32542A27-6B28-4AE5-AE9C-9F959DA04DED}.Release|Any CPU.Build.0 = Release|Any CPU
	EndGlobalSection
	GlobalSection(SolutionProperties) = preSolution
		HideSolutionNode = FALSE
	EndGlobalSection
	GlobalSection(ExtensibilityGlobals) = postSolution
		SolutionGuid = {098C10D5-059C-4589-BC3F-FC90E1A515AD}
	EndGlobalSection
EndGlobal
